
Microsoft Visual Studio Solution File, Format Version 12.00
# Visual Studio Version 17
VisualStudioVersion = 17.3.32929.385
MinimumVisualStudioVersion = 10.0.40219.1
Project("{FAE04EC0-301F-11D3-BF4B-00C04F79EFBC}") = "WinAsynchMethod", "WinAsynchMethod.csproj", "{86C5CA99-0402-49B0-B633-8EE2533C900F}"
EndProject
Global
	GlobalSection(SolutionConfigurationPlatforms) = preSolution
		Debug|Any CPU = Debug|Any CPU
		Release|Any CPU = Release|Any CPU
	EndGlobalSection
	GlobalSection(ProjectConfigurationPlatforms) = postSolution
		{86C5CA99-0402-49B0-B633-8EE2533C900F}.Debug|Any CPU.ActiveCfg = Debug|Any CPU
		{86C5CA99-0402-49B0-B633-8EE2533C900F}.Debug|Any CPU.Build.0 = Debug|Any CPU
		{86C5CA99-0402-49B0-B633-8EE2533C900F}.Release|Any CPU.ActiveCfg = Release|Any CPU
		{86C5CA99-0402-49B0-B633-8EE2533C900F}.Release|Any CPU.Build.0 = Release|Any CPU
	EndGlobalSection
	GlobalSection(SolutionProperties) = preSolution
		HideSolutionNode = FALSE
	EndGlobalSection
	GlobalSection(ExtensibilityGlobals) = postSolution
		SolutionGuid = {D5BBC98E-52BF-4CA1-A0CB-977D6457B48E}
	EndGlobalSection
EndGlobal
