
Microsoft Visual Studio Solution File, Format Version 12.00
# Visual Studio Version 17
VisualStudioVersion = 17.3.32929.385
MinimumVisualStudioVersion = 10.0.40219.1
Project("{FAE04EC0-301F-11D3-BF4B-00C04F79EFBC}") = "WinPrint", "WinPrint.csproj", "{2E071210-E948-414B-9E41-5F8F368F0071}"
EndProject
Global
	GlobalSection(SolutionConfigurationPlatforms) = preSolution
		Debug|Any CPU = Debug|Any CPU
		Release|Any CPU = Release|Any CPU
	EndGlobalSection
	GlobalSection(ProjectConfigurationPlatforms) = postSolution
		{2E071210-E948-414B-9E41-5F8F368F0071}.Debug|Any CPU.ActiveCfg = Debug|Any CPU
		{2E071210-E948-414B-9E41-5F8F368F0071}.Debug|Any CPU.Build.0 = Debug|Any CPU
		{2E071210-E948-414B-9E41-5F8F368F0071}.Release|Any CPU.ActiveCfg = Release|Any CPU
		{2E071210-E948-414B-9E41-5F8F368F0071}.Release|Any CPU.Build.0 = Release|Any CPU
	EndGlobalSection
	GlobalSection(SolutionProperties) = preSolution
		HideSolutionNode = FALSE
	EndGlobalSection
	GlobalSection(ExtensibilityGlobals) = postSolution
		SolutionGuid = {AEF0F5B8-7D94-4989-BBE5-DFC56827244A}
	EndGlobalSection
EndGlobal
